// !$*UTF8*$!
{
	archiveVersion = 1;
	classes = {
	};
	objectVersion = 55;
	objects = {

/* Begin PBXBuildFile section */
		7D0DF79628688B1600360ADB /* Articles.swift in Sources */ = {isa = PBXBuildFile; fileRef = 7D0DF79528688B1600360ADB /* Articles.swift */; };
		7D3B4F4D286873940003487F /* BreakingTableViewController.swift in Sources */ = {isa = PBXBuildFile; fileRef = 7D3B4F4C286873940003487F /* BreakingTableViewController.swift */; };
		7D3B4F4F286873E50003487F /* BreakingTableViewCell.swift in Sources */ = {isa = PBXBuildFile; fileRef = 7D3B4F4E286873E50003487F /* BreakingTableViewCell.swift */; };
		7D868EB4286C35D700A95E61 /* ApiKey.swift in Sources */ = {isa = PBXBuildFile; fileRef = 7D868EB3286C35D700A95E61 /* ApiKey.swift */; };
		7DD5E9B828683F2A001B131D /* AppDelegate.swift in Sources */ = {isa = PBXBuildFile; fileRef = 7DD5E9B728683F2A001B131D /* AppDelegate.swift */; };
		7DD5E9BA28683F2A001B131D /* SceneDelegate.swift in Sources */ = {isa = PBXBuildFile; fileRef = 7DD5E9B928683F2A001B131D /* SceneDelegate.swift */; };
		7DD5E9BF28683F2A001B131D /* Main.storyboard in Resources */ = {isa = PBXBuildFile; fileRef = 7DD5E9BD28683F2A001B131D /* Main.storyboard */; };
		7DD5E9C128683F2B001B131D /* Assets.xcassets in Resources */ = {isa = PBXBuildFile; fileRef = 7DD5E9C028683F2B001B131D /* Assets.xcassets */; };
		7DD5E9C428683F2B001B131D /* LaunchScreen.storyboard in Resources */ = {isa = PBXBuildFile; fileRef = 7DD5E9C228683F2B001B131D /* LaunchScreen.storyboard */; };
		7DD5E9D228684040001B131D /* BreakingModel.swift in Sources */ = {isa = PBXBuildFile; fileRef = 7DD5E9D128684040001B131D /* BreakingModel.swift */; };
		7DF95EBE2868A57C0013C0D3 /* DetailClick.storyboard in Resources */ = {isa = PBXBuildFile; fileRef = 7DF95EBD2868A57C0013C0D3 /* DetailClick.storyboard */; };
		7DF95EC02868A5B00013C0D3 /* DetailViewController.swift in Sources */ = {isa = PBXBuildFile; fileRef = 7DF95EBF2868A5B00013C0D3 /* DetailViewController.swift */; };
/* End PBXBuildFile section */

/* Begin PBXFileReference section */
		7D0DF79528688B1600360ADB /* Articles.swift */ = {isa = PBXFileReference; lastKnownFileType = sourcecode.swift; path = Articles.swift; sourceTree = "<group>"; };
		7D3B4F4C286873940003487F /* BreakingTableViewController.swift */ = {isa = PBXFileReference; lastKnownFileType = sourcecode.swift; path = BreakingTableViewController.swift; sourceTree = "<group>"; };
		7D3B4F4E286873E50003487F /* BreakingTableViewCell.swift */ = {isa = PBXFileReference; lastKnownFileType = sourcecode.swift; path = BreakingTableViewCell.swift; sourceTree = "<group>"; };
		7D868EB3286C35D700A95E61 /* ApiKey.swift */ = {isa = PBXFileReference; lastKnownFileType = sourcecode.swift; path = ApiKey.swift; sourceTree = "<group>"; };
		7DD5E9B428683F2A001B131D /* BreakingApp.app */ = {isa = PBXFileReference; explicitFileType = wrapper.application; includeInIndex = 0; path = BreakingApp.app; sourceTree = BUILT_PRODUCTS_DIR; };
		7DD5E9B728683F2A001B131D /* AppDelegate.swift */ = {isa = PBXFileReference; lastKnownFileType = sourcecode.swift; path = AppDelegate.swift; sourceTree = "<group>"; };
		7DD5E9B928683F2A001B131D /* SceneDelegate.swift */ = {isa = PBXFileReference; lastKnownFileType = sourcecode.swift; path = SceneDelegate.swift; sourceTree = "<group>"; };
		7DD5E9BE28683F2A001B131D /* Base */ = {isa = PBXFileReference; lastKnownFileType = file.storyboard; name = Base; path = Base.lproj/Main.storyboard; sourceTree = "<group>"; };
		7DD5E9C028683F2B001B131D /* Assets.xcassets */ = {isa = PBXFileReference; lastKnownFileType = folder.assetcatalog; path = Assets.xcassets; sourceTree = "<group>"; };
		7DD5E9C328683F2B001B131D /* Base */ = {isa = PBXFileReference; lastKnownFileType = file.storyboard; name = Base; path = Base.lproj/LaunchScreen.storyboard; sourceTree = "<group>"; };
		7DD5E9C528683F2B001B131D /* Info.plist */ = {isa = PBXFileReference; lastKnownFileType = text.plist.xml; path = Info.plist; sourceTree = "<group>"; };
		7DD5E9D128684040001B131D /* BreakingModel.swift */ = {isa = PBXFileReference; lastKnownFileType = sourcecode.swift; path = BreakingModel.swift; sourceTree = "<group>"; };
		7DF95EBD2868A57C0013C0D3 /* DetailClick.storyboard */ = {isa = PBXFileReference; lastKnownFileType = file.storyboard; path = DetailClick.storyboard; sourceTree = "<group>"; };
		7DF95EBF2868A5B00013C0D3 /* DetailViewController.swift */ = {isa = PBXFileReference; lastKnownFileType = sourcecode.swift; path = DetailViewController.swift; sourceTree = "<group>"; };
/* End PBXFileReference section */

/* Begin PBXFrameworksBuildPhase section */
		7DD5E9B128683F2A001B131D /* Frameworks */ = {
			isa = PBXFrameworksBuildPhase;
			buildActionMask = 2147483647;
			files = (
			);
			runOnlyForDeploymentPostprocessing = 0;
		};
/* End PBXFrameworksBuildPhase section */

/* Begin PBXGroup section */
		7D868EB5286C35E300A95E61 /* Api */ = {
			isa = PBXGroup;
			children = (
				7D868EB3286C35D700A95E61 /* ApiKey.swift */,
			);
			path = Api;
			sourceTree = "<group>";
		};
		7DD5E9AB28683F2A001B131D = {
			isa = PBXGroup;
			children = (
				7DD5E9B628683F2A001B131D /* BreakingApp */,
				7DD5E9B528683F2A001B131D /* Products */,
			);
			sourceTree = "<group>";
		};
		7DD5E9B528683F2A001B131D /* Products */ = {
			isa = PBXGroup;
			children = (
				7DD5E9B428683F2A001B131D /* BreakingApp.app */,
			);
			name = Products;
			sourceTree = "<group>";
		};
		7DD5E9B628683F2A001B131D /* BreakingApp */ = {
			isa = PBXGroup;
			children = (
				7DD5E9CC28683F41001B131D /* Screens */,
				7DD5E9CB28683F33001B131D /* App */,
				7DD5E9CD28683F84001B131D /* Supporting Files */,
			);
			path = BreakingApp;
			sourceTree = "<group>";
		};
		7DD5E9CB28683F33001B131D /* App */ = {
			isa = PBXGroup;
			children = (
				7DD5E9B728683F2A001B131D /* AppDelegate.swift */,
				7DD5E9B928683F2A001B131D /* SceneDelegate.swift */,
			);
			path = App;
			sourceTree = "<group>";
		};
		7DD5E9CC28683F41001B131D /* Screens */ = {
			isa = PBXGroup;
			children = (
				7D868EB5286C35E300A95E61 /* Api */,
				7DF95EBC2868A5490013C0D3 /* DetailView */,
				7DD5E9D02868401B001B131D /* View */,
				7DD5E9CF28684009001B131D /* Controller */,
				7DD5E9CE28684003001B131D /* Model */,
			);
			path = Screens;
			sourceTree = "<group>";
		};
		7DD5E9CD28683F84001B131D /* Supporting Files */ = {
			isa = PBXGroup;
			children = (
				7DD5E9C028683F2B001B131D /* Assets.xcassets */,
				7DD5E9C228683F2B001B131D /* LaunchScreen.storyboard */,
				7DD5E9C528683F2B001B131D /* Info.plist */,
			);
			path = "Supporting Files";
			sourceTree = "<group>";
		};
		7DD5E9CE28684003001B131D /* Model */ = {
			isa = PBXGroup;
			children = (
				7DD5E9D128684040001B131D /* BreakingModel.swift */,
				7D0DF79528688B1600360ADB /* Articles.swift */,
			);
			path = Model;
			sourceTree = "<group>";
		};
		7DD5E9CF28684009001B131D /* Controller */ = {
			isa = PBXGroup;
			children = (
				7D3B4F4C286873940003487F /* BreakingTableViewController.swift */,
				7DF95EBF2868A5B00013C0D3 /* DetailViewController.swift */,
			);
			path = Controller;
			sourceTree = "<group>";
		};
		7DD5E9D02868401B001B131D /* View */ = {
			isa = PBXGroup;
			children = (
				7DD5E9BD28683F2A001B131D /* Main.storyboard */,
				7D3B4F4E286873E50003487F /* BreakingTableViewCell.swift */,
			);
			path = View;
			sourceTree = "<group>";
		};
		7DF95EBC2868A5490013C0D3 /* DetailView */ = {
			isa = PBXGroup;
			children = (
				7DF95EBD2868A57C0013C0D3 /* DetailClick.storyboard */,
			);
			path = DetailView;
			sourceTree = "<group>";
		};
/* End PBXGroup section */

/* Begin PBXNativeTarget section */
		7DD5E9B328683F2A001B131D /* BreakingApp */ = {
			isa = PBXNativeTarget;
			buildConfigurationList = 7DD5E9C828683F2B001B131D /* Build configuration list for PBXNativeTarget "BreakingApp" */;
			buildPhases = (
				7DD5E9B028683F2A001B131D /* Sources */,
				7DD5E9B128683F2A001B131D /* Frameworks */,
				7DD5E9B228683F2A001B131D /* Resources */,
			);
			buildRules = (
			);
			dependencies = (
			);
			name = BreakingApp;
			productName = BreakingApp;
			productReference = 7DD5E9B428683F2A001B131D /* BreakingApp.app */;
			productType = "com.apple.product-type.application";
		};
/* End PBXNativeTarget section */

/* Begin PBXProject section */
		7DD5E9AC28683F2A001B131D /* Project object */ = {
			isa = PBXProject;
			attributes = {
				BuildIndependentTargetsInParallel = 1;
				LastSwiftUpdateCheck = 1340;
				LastUpgradeCheck = 1340;
				TargetAttributes = {
					7DD5E9B328683F2A001B131D = {
						CreatedOnToolsVersion = 13.4.1;
					};
				};
			};
			buildConfigurationList = 7DD5E9AF28683F2A001B131D /* Build configuration list for PBXProject "BreakingApp" */;
			compatibilityVersion = "Xcode 13.0";
			developmentRegion = en;
			hasScannedForEncodings = 0;
			knownRegions = (
				en,
				Base,
			);
			mainGroup = 7DD5E9AB28683F2A001B131D;
			productRefGroup = 7DD5E9B528683F2A001B131D /* Products */;
			projectDirPath = "";
			projectRoot = "";
			targets = (
				7DD5E9B328683F2A001B131D /* BreakingApp */,
			);
		};
/* End PBXProject section */

/* Begin PBXResourcesBuildPhase section */
		7DD5E9B228683F2A001B131D /* Resources */ = {
			isa = PBXResourcesBuildPhase;
			buildActionMask = 2147483647;
			files = (
				7DD5E9C428683F2B001B131D /* LaunchScreen.storyboard in Resources */,
				7DD5E9C128683F2B001B131D /* Assets.xcassets in Resources */,
				7DF95EBE2868A57C0013C0D3 /* DetailClick.storyboard in Resources */,
				7DD5E9BF28683F2A001B131D /* Main.storyboard in Resources */,
			);
			runOnlyForDeploymentPostprocessing = 0;
		};
/* End PBXResourcesBuildPhase section */

/* Begin PBXSourcesBuildPhase section */
		7DD5E9B028683F2A001B131D /* Sources */ = {
			isa = PBXSourcesBuildPhase;
			buildActionMask = 2147483647;
			files = (
				7DD5E9B828683F2A001B131D /* AppDelegate.swift in Sources */,
				7D3B4F4F286873E50003487F /* BreakingTableViewCell.swift in Sources */,
				7D868EB4286C35D700A95E61 /* ApiKey.swift in Sources */,
				7DD5E9D228684040001B131D /* BreakingModel.swift in Sources */,
				7D3B4F4D286873940003487F /* BreakingTableViewController.swift in Sources */,
				7D0DF79628688B1600360ADB /* Articles.swift in Sources */,
				7DD5E9BA28683F2A001B131D /* SceneDelegate.swift in Sources */,
				7DF95EC02868A5B00013C0D3 /* DetailViewController.swift in Sources */,
			);
			runOnlyForDeploymentPostprocessing = 0;
		};
/* End PBXSourcesBuildPhase section */

/* Begin PBXVariantGroup section */
		7DD5E9BD28683F2A001B131D /* Main.storyboard */ = {
			isa = PBXVariantGroup;
			children = (
				7DD5E9BE28683F2A001B131D /* Base */,
			);
			name = Main.storyboard;
			sourceTree = "<group>";
		};
		7DD5E9C228683F2B001B131D /* LaunchScreen.storyboard */ = {
			isa = PBXVariantGroup;
			children = (
				7DD5E9C328683F2B001B131D /* Base */,
			);
			name = LaunchScreen.storyboard;
			sourceTree = "<group>";
		};
/* End PBXVariantGroup section */

/* Begin XCBuildConfiguration section */
		7DD5E9C628683F2B001B131D /* Debug */ = {
			isa = XCBuildConfiguration;
			buildSettings = {
				ALWAYS_SEARCH_USER_PATHS = NO;
				CLANG_ANALYZER_NONNULL = YES;
				CLANG_ANALYZER_NUMBER_OBJECT_CONVERSION = YES_AGGRESSIVE;
				CLANG_CXX_LANGUAGE_STANDARD = "gnu++17";
				CLANG_ENABLE_MODULES = YES;
				CLANG_ENABLE_OBJC_ARC = YES;
				CLANG_ENABLE_OBJC_WEAK = YES;
				CLANG_WARN_BLOCK_CAPTURE_AUTORELEASING = YES;
				CLANG_WARN_BOOL_CONVERSION = YES;
				CLANG_WARN_COMMA = YES;
				CLANG_WARN_CONSTANT_CONVERSION = YES;
				CLANG_WARN_DEPRECATED_OBJC_IMPLEMENTATIONS = YES;
				CLANG_WARN_DIRECT_OBJC_ISA_USAGE = YES_ERROR;
				CLANG_WARN_DOCUMENTATION_COMMENTS = YES;
				CLANG_WARN_EMPTY_BODY = YES;
				CLANG_WARN_ENUM_CONVERSION = YES;
				CLANG_WARN_INFINITE_RECURSION = YES;
				CLANG_WARN_INT_CONVERSION = YES;
				CLANG_WARN_NON_LITERAL_NULL_CONVERSION = YES;
				CLANG_WARN_OBJC_IMPLICIT_RETAIN_SELF = YES;
				CLANG_WARN_OBJC_LITERAL_CONVERSION = YES;
				CLANG_WARN_OBJC_ROOT_CLASS = YES_ERROR;
				CLANG_WARN_QUOTED_INCLUDE_IN_FRAMEWORK_HEADER = YES;
				CLANG_WARN_RANGE_LOOP_ANALYSIS = YES;
				CLANG_WARN_STRICT_PROTOTYPES = YES;
				CLANG_WARN_SUSPICIOUS_MOVE = YES;
				CLANG_WARN_UNGUARDED_AVAILABILITY = YES_AGGRESSIVE;
				CLANG_WARN_UNREACHABLE_CODE = YES;
				CLANG_WARN__DUPLICATE_METHOD_MATCH = YES;
				COPY_PHASE_STRIP = NO;
				DEBUG_INFORMATION_FORMAT = dwarf;
				ENABLE_STRICT_OBJC_MSGSEND = YES;
				ENABLE_TESTABILITY = YES;
				GCC_C_LANGUAGE_STANDARD = gnu11;
				GCC_DYNAMIC_NO_PIC = NO;
				GCC_NO_COMMON_BLOCKS = YES;
				GCC_OPTIMIZATION_LEVEL = 0;
				GCC_PREPROCESSOR_DEFINITIONS = (
					"DEBUG=1",
					"$(inherited)",
				);
				GCC_WARN_64_TO_32_BIT_CONVERSION = YES;
				GCC_WARN_ABOUT_RETURN_TYPE = YES_ERROR;
				GCC_WARN_UNDECLARED_SELECTOR = YES;
				GCC_WARN_UNINITIALIZED_AUTOS = YES_AGGRESSIVE;
				GCC_WARN_UNUSED_FUNCTION = YES;
				GCC_WARN_UNUSED_VARIABLE = YES;
				IPHONEOS_DEPLOYMENT_TARGET = 15.5;
				MTL_ENABLE_DEBUG_INFO = INCLUDE_SOURCE;
				MTL_FAST_MATH = YES;
				ONLY_ACTIVE_ARCH = YES;
				SDKROOT = iphoneos;
				SWIFT_ACTIVE_COMPILATION_CONDITIONS = DEBUG;
				SWIFT_OPTIMIZATION_LEVEL = "-Onone";
			};
			name = Debug;
		};
		7DD5E9C728683F2B001B131D /* Release */ = {
			isa = XCBuildConfiguration;
			buildSettings = {
				ALWAYS_SEARCH_USER_PATHS = NO;
				CLANG_ANALYZER_NONNULL = YES;
				CLANG_ANALYZER_NUMBER_OBJECT_CONVERSION = YES_AGGRESSIVE;
				CLANG_CXX_LANGUAGE_STANDARD = "gnu++17";
				CLANG_ENABLE_MODULES = YES;
				CLANG_ENABLE_OBJC_ARC = YES;
				CLANG_ENABLE_OBJC_WEAK = YES;
				CLANG_WARN_BLOCK_CAPTURE_AUTORELEASING = YES;
				CLANG_WARN_BOOL_CONVERSION = YES;
				CLANG_WARN_COMMA = YES;
				CLANG_WARN_CONSTANT_CONVERSION = YES;
				CLANG_WARN_DEPRECATED_OBJC_IMPLEMENTATIONS = YES;
				CLANG_WARN_DIRECT_OBJC_ISA_USAGE = YES_ERROR;
				CLANG_WARN_DOCUMENTATION_COMMENTS = YES;
				CLANG_WARN_EMPTY_BODY = YES;
				CLANG_WARN_ENUM_CONVERSION = YES;
				CLANG_WARN_INFINITE_RECURSION = YES;
				CLANG_WARN_INT_CONVERSION = YES;
				CLANG_WARN_NON_LITERAL_NULL_CONVERSION = YES;
				CLANG_WARN_OBJC_IMPLICIT_RETAIN_SELF = YES;
				CLANG_WARN_OBJC_LITERAL_CONVERSION = YES;
				CLANG_WARN_OBJC_ROOT_CLASS = YES_ERROR;
				CLANG_WARN_QUOTED_INCLUDE_IN_FRAMEWORK_HEADER = YES;
				CLANG_WARN_RANGE_LOOP_ANALYSIS = YES;
				CLANG_WARN_STRICT_PROTOTYPES = YES;
				CLANG_WARN_SUSPICIOUS_MOVE = YES;
				CLANG_WARN_UNGUARDED_AVAILABILITY = YES_AGGRESSIVE;
				CLANG_WARN_UNREACHABLE_CODE = YES;
				CLANG_WARN__DUPLICATE_METHOD_MATCH = YES;
				COPY_PHASE_STRIP = NO;
				DEBUG_INFORMATION_FORMAT = "dwarf-with-dsym";
				ENABLE_NS_ASSERTIONS = NO;
				ENABLE_STRICT_OBJC_MSGSEND = YES;
				GCC_C_LANGUAGE_STANDARD = gnu11;
				GCC_NO_COMMON_BLOCKS = YES;
				GCC_WARN_64_TO_32_BIT_CONVERSION = YES;
				GCC_WARN_ABOUT_RETURN_TYPE = YES_ERROR;
				GCC_WARN_UNDECLARED_SELECTOR = YES;
				GCC_WARN_UNINITIALIZED_AUTOS = YES_AGGRESSIVE;
				GCC_WARN_UNUSED_FUNCTION = YES;
				GCC_WARN_UNUSED_VARIABLE = YES;
				IPHONEOS_DEPLOYMENT_TARGET = 15.5;
				MTL_ENABLE_DEBUG_INFO = NO;
				MTL_FAST_MATH = YES;
				SDKROOT = iphoneos;
				SWIFT_COMPILATION_MODE = wholemodule;
				SWIFT_OPTIMIZATION_LEVEL = "-O";
				VALIDATE_PRODUCT = YES;
			};
			name = Release;
		};
		7DD5E9C928683F2B001B131D /* Debug */ = {
			isa = XCBuildConfiguration;
			buildSettings = {
				ASSETCATALOG_COMPILER_APPICON_NAME = AppIcon;
				ASSETCATALOG_COMPILER_GLOBAL_ACCENT_COLOR_NAME = AccentColor;
				CODE_SIGN_STYLE = Automatic;
				CURRENT_PROJECT_VERSION = 1;
				DEVELOPMENT_TEAM = 26F2VW6876;
				GENERATE_INFOPLIST_FILE = YES;
				INFOPLIST_FILE = "BreakingApp/Supporting Files/Info.plist";
				INFOPLIST_KEY_UIApplicationSupportsIndirectInputEvents = YES;
				INFOPLIST_KEY_UILaunchStoryboardName = LaunchScreen;
				INFOPLIST_KEY_UIMainStoryboardFile = Main;
				INFOPLIST_KEY_UISupportedInterfaceOrientations_iPad = "UIInterfaceOrientationPortrait UIInterfaceOrientationPortraitUpsideDown UIInterfaceOrientationLandscapeLeft UIInterfaceOrientationLandscapeRight";
				INFOPLIST_KEY_UISupportedInterfaceOrientations_iPhone = "UIInterfaceOrientationPortrait UIInterfaceOrientationLandscapeLeft UIInterfaceOrientationLandscapeRight";
				LD_RUNPATH_SEARCH_PATHS = (
					"$(inherited)",
					"@executable_path/Frameworks",
				);
				MARKETING_VERSION = 1.0;
				PRODUCT_BUNDLE_IDENTIFIER = com.mahmuttahacerit.BreakingApp;
				PRODUCT_NAME = "$(TARGET_NAME)";
				SWIFT_EMIT_LOC_STRINGS = YES;
				SWIFT_VERSION = 5.0;
				TARGETED_DEVICE_FAMILY = "1,2";
			};
			name = Debug;
		};
		7DD5E9CA28683F2B001B131D /* Release */ = {
			isa = XCBuildConfiguration;
			buildSettings = {
				ASSETCATALOG_COMPILER_APPICON_NAME = AppIcon;
				ASSETCATALOG_COMPILER_GLOBAL_ACCENT_COLOR_NAME = AccentColor;
				CODE_SIGN_STYLE = Automatic;
				CURRENT_PROJECT_VERSION = 1;
				DEVELOPMENT_TEAM = 26F2VW6876;
				GENERATE_INFOPLIST_FILE = YES;
				INFOPLIST_FILE = "BreakingApp/Supporting Files/Info.plist";
				INFOPLIST_KEY_UIApplicationSupportsIndirectInputEvents = YES;
				INFOPLIST_KEY_UILaunchStoryboardName = LaunchScreen;
				INFOPLIST_KEY_UIMainStoryboardFile = Main;
				INFOPLIST_KEY_UISupportedInterfaceOrientations_iPad = "UIInterfaceOrientationPortrait UIInterfaceOrientationPortraitUpsideDown UIInterfaceOrientationLandscapeLeft UIInterfaceOrientationLandscapeRight";
				INFOPLIST_KEY_UISupportedInterfaceOrientations_iPhone = "UIInterfaceOrientationPortrait UIInterfaceOrientationLandscapeLeft UIInterfaceOrientationLandscapeRight";
				LD_RUNPATH_SEARCH_PATHS = (
					"$(inherited)",
					"@executable_path/Frameworks",
				);
				MARKETING_VERSION = 1.0;
				PRODUCT_BUNDLE_IDENTIFIER = com.mahmuttahacerit.BreakingApp;
				PRODUCT_NAME = "$(TARGET_NAME)";
				SWIFT_EMIT_LOC_STRINGS = YES;
				SWIFT_VERSION = 5.0;
				TARGETED_DEVICE_FAMILY = "1,2";
			};
			name = Release;
		};
/* End XCBuildConfiguration section */

/* Begin XCConfigurationList section */
		7DD5E9AF28683F2A001B131D /* Build configuration list for PBXProject "BreakingApp" */ = {
			isa = XCConfigurationList;
			buildConfigurations = (
				7DD5E9C628683F2B001B131D /* Debug */,
				7DD5E9C728683F2B001B131D /* Release */,
			);
			defaultConfigurationIsVisible = 0;
			defaultConfigurationName = Release;
		};
		7DD5E9C828683F2B001B131D /* Build configuration list for PBXNativeTarget "BreakingApp" */ = {
			isa = XCConfigurationList;
			buildConfigurations = (
				7DD5E9C928683F2B001B131D /* Debug */,
				7DD5E9CA28683F2B001B131D /* Release */,
			);
			defaultConfigurationIsVisible = 0;
			defaultConfigurationName = Release;
		};
/* End XCConfigurationList section */
	};
	rootObject = 7DD5E9AC28683F2A001B131D /* Project object */;
}
